
Microsoft Visual Studio Solution File, Format Version 12.00
# Visual Studio 15
VisualStudioVersion = 15.0.34031.82
MinimumVisualStudioVersion = 10.0.40219.1
Project("{8BC9CEB8-8B4A-11D0-8D11-00A0C91BC942}") = "10.9", "10.9\10.9.vcxproj", "{E0A7270F-AFC9-4CB2-ABE7-407512BA20B8}"
EndProject
Global
	GlobalSection(SolutionConfigurationPlatforms) = preSolution
		Debug|x64 = Debug|x64
		Debug|x86 = Debug|x86
		Release|x64 = Release|x64
		Release|x86 = Release|x86
	EndGlobalSection
	GlobalSection(ProjectConfigurationPlatforms) = postSolution
		{E0A7270F-AFC9-4CB2-ABE7-407512BA20B8}.Debug|x64.ActiveCfg = Debug|x64
		{E0A7270F-AFC9-4CB2-ABE7-407512BA20B8}.Debug|x64.Build.0 = Debug|x64
		{E0A7270F-AFC9-4CB2-ABE7-407512BA20B8}.Debug|x86.ActiveCfg = Debug|Win32
		{E0A7270F-AFC9-4CB2-ABE7-407512BA20B8}.Debug|x86.Build.0 = Debug|Win32
		{E0A7270F-AFC9-4CB2-ABE7-407512BA20B8}.Release|x64.ActiveCfg = Release|x64
		{E0A7270F-AFC9-4CB2-ABE7-407512BA20B8}.Release|x64.Build.0 = Release|x64
		{E0A7270F-AFC9-4CB2-ABE7-407512BA20B8}.Release|x86.ActiveCfg = Release|Win32
		{E0A7270F-AFC9-4CB2-ABE7-407512BA20B8}.Release|x86.Build.0 = Release|Win32
	EndGlobalSection
	GlobalSection(SolutionProperties) = preSolution
		HideSolutionNode = FALSE
	EndGlobalSection
	GlobalSection(ExtensibilityGlobals) = postSolution
		SolutionGuid = {A59F1742-C82E-4BE7-85E3-DD4BE59E134A}
	EndGlobalSection
EndGlobal
